
Microsoft Visual Studio Solution File, Format Version 12.00
# Visual Studio Version 17
VisualStudioVersion = 17.13.35931.197 d17.13
MinimumVisualStudioVersion = 10.0.40219.1
Project("{FAE04EC0-301F-11D3-BF4B-00C04F79EFBC}") = "PRSbetta", "PRSbetta\PRSbetta.csproj", "{652ECFF7-62E4-416C-BA60-EC513AC7C218}"
EndProject
Global
	GlobalSection(SolutionConfigurationPlatforms) = preSolution
		Debug|Any CPU = Debug|Any CPU
		Release|Any CPU = Release|Any CPU
	EndGlobalSection
	GlobalSection(ProjectConfigurationPlatforms) = postSolution
		{652ECFF7-62E4-416C-BA60-EC513AC7C218}.Debug|Any CPU.ActiveCfg = Debug|Any CPU
		{652ECFF7-62E4-416C-BA60-EC513AC7C218}.Debug|Any CPU.Build.0 = Debug|Any CPU
		{652ECFF7-62E4-416C-BA60-EC513AC7C218}.Release|Any CPU.ActiveCfg = Release|Any CPU
		{652ECFF7-62E4-416C-BA60-EC513AC7C218}.Release|Any CPU.Build.0 = Release|Any CPU
	EndGlobalSection
	GlobalSection(SolutionProperties) = preSolution
		HideSolutionNode = FALSE
	EndGlobalSection
	GlobalSection(ExtensibilityGlobals) = postSolution
		SolutionGuid = {297F9B2C-42B5-49CA-B142-AA0FB0F7C65C}
	EndGlobalSection
EndGlobal
